PODS:
  - MixerAPI (1.6):
    - Starscream (~> 2.0)
    - SwiftyJSON (~> 3.1)
  - Starscream (2.0.4)
  - SwiftyJSON (3.1.4)

DEPENDENCIES:
  - MixerAPI (from `../`)

EXTERNAL SOURCES:
  MixerAPI:
    :path: "../"

SPEC CHECKSUMS:
  MixerAPI: c8f90e496ac0ae73c20f5c68920cbef903df168f
  Starscream: df5974ee928b157c8eda8af8de7c620276b7dfcc
  SwiftyJSON: c2842d878f95482ffceec5709abc3d05680c0220

PODFILE CHECKSUM: 9d93eda52d7a182ee07679a4dfdd1408882327fe

COCOAPODS: 1.2.1
