// !$*UTF8*$!
{
	archiveVersion = 1;
	classes = {
	};
	objectVersion = 46;
	objects = {

/* Begin PBXBuildFile section */
		CD69B84355E5FD291AFD803A /* Pods_BeamAPI_Tests.framework in Frameworks */ = {isa = PBXBuildFile; fileRef = 240F481F34E5804A03FE2609 /* Pods_BeamAPI_Tests.framework */; };
		EB06F6B61D36DA410019024F /* TeamsTests.swift in Sources */ = {isa = PBXBuildFile; fileRef = EB06F6B51D36DA410019024F /* TeamsTests.swift */; };
		EB1207571D381A1C00365126 /* OAuthTests.swift in Sources */ = {isa = PBXBuildFile; fileRef = EB1207561D381A1C00365126 /* OAuthTests.swift */; };
		EB35BDDA1D5B9FC90089A82E /* ConstellationClientTests.swift in Sources */ = {isa = PBXBuildFile; fileRef = EB35BDD91D5B9FC90089A82E /* ConstellationClientTests.swift */; };
		EB3FD0381D394EC000964ECA /* TypesTests.swift in Sources */ = {isa = PBXBuildFile; fileRef = EB3FD0371D394EC000964ECA /* TypesTests.swift */; };
		EB4A0ED51C5D1A5C0012693F /* AchievementsTests.swift in Sources */ = {isa = PBXBuildFile; fileRef = EB4A0ED41C5D1A5C0012693F /* AchievementsTests.swift */; };
		EB4A0ED71C5D1B310012693F /* ChannelsTests.swift in Sources */ = {isa = PBXBuildFile; fileRef = EB4A0ED61C5D1B310012693F /* ChannelsTests.swift */; };
		EB4A0ED91C5D1CEE0012693F /* ChatTests.swift in Sources */ = {isa = PBXBuildFile; fileRef = EB4A0ED81C5D1CEE0012693F /* ChatTests.swift */; };
		EB4A0EDB1C5D239A0012693F /* ShopTests.swift in Sources */ = {isa = PBXBuildFile; fileRef = EB4A0EDA1C5D239A0012693F /* ShopTests.swift */; };
		EB4A0EDD1C5D25B40012693F /* UsersTests.swift in Sources */ = {isa = PBXBuildFile; fileRef = EB4A0EDC1C5D25B40012693F /* UsersTests.swift */; };
		EB4A0EE21C5D33AB0012693F /* ChatClientTests.swift in Sources */ = {isa = PBXBuildFile; fileRef = EB4A0EE11C5D33AB0012693F /* ChatClientTests.swift */; };
		EB9890B41C88F9FB0080A4E9 /* InteractiveTests.swift in Sources */ = {isa = PBXBuildFile; fileRef = EB9890B31C88F9FB0080A4E9 /* InteractiveTests.swift */; };
		EB9B4CEE1D5A42F700BD817B /* NotificationsTests.swift in Sources */ = {isa = PBXBuildFile; fileRef = EB9B4CED1D5A42F700BD817B /* NotificationsTests.swift */; };
		EBA92A8B1C8B53B3008F3A7F /* InteractiveClientTests.swift in Sources */ = {isa = PBXBuildFile; fileRef = EBA92A8A1C8B53B3008F3A7F /* InteractiveClientTests.swift */; };
		EBF068781C5D3684007ACCF9 /* SessionTests.swift in Sources */ = {isa = PBXBuildFile; fileRef = EBF068771C5D3684007ACCF9 /* SessionTests.swift */; };
		EBF865771D35A725001EE937 /* IngestsTests.swift in Sources */ = {isa = PBXBuildFile; fileRef = EBF865761D35A725001EE937 /* IngestsTests.swift */; };
		EBF865791D35A77E001EE937 /* RecordingsTests.swift in Sources */ = {isa = PBXBuildFile; fileRef = EBF865781D35A77E001EE937 /* RecordingsTests.swift */; };
/* End PBXBuildFile section */

/* Begin PBXFileReference section */
		240F481F34E5804A03FE2609 /* Pods_BeamAPI_Tests.framework */ = {isa = PBXFileReference; explicitFileType = wrapper.framework; includeInIndex = 0; path = Pods_BeamAPI_Tests.framework; sourceTree = BUILT_PRODUCTS_DIR; };
		2E7801D99FB8A22697ED20F4 /* README.md */ = {isa = PBXFileReference; includeInIndex = 1; lastKnownFileType = net.daringfireball.markdown; name = README.md; path = ../README.md; sourceTree = "<group>"; };
		5110D7E62BB7BCB2D648BB8A /* BeamAPI.podspec */ = {isa = PBXFileReference; includeInIndex = 1; lastKnownFileType = text; name = BeamAPI.podspec; path = ../BeamAPI.podspec; sourceTree = "<group>"; };
		607FACE51AFB9204008FA782 /* BeamAPI_Tests.xctest */ = {isa = PBXFileReference; explicitFileType = wrapper.cfbundle; includeInIndex = 0; path = BeamAPI_Tests.xctest; sourceTree = BUILT_PRODUCTS_DIR; };
		607FACEA1AFB9204008FA782 /* Info.plist */ = {isa = PBXFileReference; lastKnownFileType = text.plist.xml; path = Info.plist; sourceTree = "<group>"; };
		8DF9655806BF1EAA6E237AC7 /* LICENSE */ = {isa = PBXFileReference; includeInIndex = 1; lastKnownFileType = text; name = LICENSE; path = ../LICENSE; sourceTree = "<group>"; };
		A0C967F7D78FD680D95ABA9C /* Pods-BeamAPI_Tests.release.xcconfig */ = {isa = PBXFileReference; includeInIndex = 1; lastKnownFileType = text.xcconfig; name = "Pods-BeamAPI_Tests.release.xcconfig"; path = "Pods/Target Support Files/Pods-BeamAPI_Tests/Pods-BeamAPI_Tests.release.xcconfig"; sourceTree = "<group>"; };
		E85179B6D5D6B487B946E6B4 /* Pods-BeamAPI_Tests.debug.xcconfig */ = {isa = PBXFileReference; includeInIndex = 1; lastKnownFileType = text.xcconfig; name = "Pods-BeamAPI_Tests.debug.xcconfig"; path = "Pods/Target Support Files/Pods-BeamAPI_Tests/Pods-BeamAPI_Tests.debug.xcconfig"; sourceTree = "<group>"; };
		EB06F6B51D36DA410019024F /* TeamsTests.swift */ = {isa = PBXFileReference; fileEncoding = 4; lastKnownFileType = sourcecode.swift; path = TeamsTests.swift; sourceTree = "<group>"; };
		EB1207561D381A1C00365126 /* OAuthTests.swift */ = {isa = PBXFileReference; fileEncoding = 4; lastKnownFileType = sourcecode.swift; path = OAuthTests.swift; sourceTree = "<group>"; };
		EB35BDD91D5B9FC90089A82E /* ConstellationClientTests.swift */ = {isa = PBXFileReference; fileEncoding = 4; lastKnownFileType = sourcecode.swift; path = ConstellationClientTests.swift; sourceTree = "<group>"; };
		EB3FD0371D394EC000964ECA /* TypesTests.swift */ = {isa = PBXFileReference; fileEncoding = 4; lastKnownFileType = sourcecode.swift; path = TypesTests.swift; sourceTree = "<group>"; };
		EB4A0ED41C5D1A5C0012693F /* AchievementsTests.swift */ = {isa = PBXFileReference; fileEncoding = 4; lastKnownFileType = sourcecode.swift; path = AchievementsTests.swift; sourceTree = "<group>"; };
		EB4A0ED61C5D1B310012693F /* ChannelsTests.swift */ = {isa = PBXFileReference; fileEncoding = 4; lastKnownFileType = sourcecode.swift; path = ChannelsTests.swift; sourceTree = "<group>"; };
		EB4A0ED81C5D1CEE0012693F /* ChatTests.swift */ = {isa = PBXFileReference; fileEncoding = 4; lastKnownFileType = sourcecode.swift; path = ChatTests.swift; sourceTree = "<group>"; };
		EB4A0EDA1C5D239A0012693F /* ShopTests.swift */ = {isa = PBXFileReference; fileEncoding = 4; lastKnownFileType = sourcecode.swift; path = ShopTests.swift; sourceTree = "<group>"; };
		EB4A0EDC1C5D25B40012693F /* UsersTests.swift */ = {isa = PBXFileReference; fileEncoding = 4; lastKnownFileType = sourcecode.swift; path = UsersTests.swift; sourceTree = "<group>"; };
		EB4A0EE11C5D33AB0012693F /* ChatClientTests.swift */ = {isa = PBXFileReference; fileEncoding = 4; lastKnownFileType = sourcecode.swift; path = ChatClientTests.swift; sourceTree = "<group>"; };
		EB9890B31C88F9FB0080A4E9 /* InteractiveTests.swift */ = {isa = PBXFileReference; fileEncoding = 4; lastKnownFileType = sourcecode.swift; path = InteractiveTests.swift; sourceTree = "<group>"; };
		EB9B4CED1D5A42F700BD817B /* NotificationsTests.swift */ = {isa = PBXFileReference; fileEncoding = 4; lastKnownFileType = sourcecode.swift; path = NotificationsTests.swift; sourceTree = "<group>"; };
		EBA92A8A1C8B53B3008F3A7F /* InteractiveClientTests.swift */ = {isa = PBXFileReference; fileEncoding = 4; lastKnownFileType = sourcecode.swift; path = InteractiveClientTests.swift; sourceTree = "<group>"; };
		EBF068771C5D3684007ACCF9 /* SessionTests.swift */ = {isa = PBXFileReference; fileEncoding = 4; lastKnownFileType = sourcecode.swift; path = SessionTests.swift; sourceTree = "<group>"; };
		EBF865761D35A725001EE937 /* IngestsTests.swift */ = {isa = PBXFileReference; fileEncoding = 4; lastKnownFileType = sourcecode.swift; path = IngestsTests.swift; sourceTree = "<group>"; };
		EBF865781D35A77E001EE937 /* RecordingsTests.swift */ = {isa = PBXFileReference; fileEncoding = 4; lastKnownFileType = sourcecode.swift; path = RecordingsTests.swift; sourceTree = "<group>"; };
/* End PBXFileReference section */

/* Begin PBXFrameworksBuildPhase section */
		607FACE21AFB9204008FA782 /* Frameworks */ = {
			isa = PBXFrameworksBuildPhase;
			buildActionMask = 2147483647;
			files = (
				CD69B84355E5FD291AFD803A /* Pods_BeamAPI_Tests.framework in Frameworks */,
			);
			runOnlyForDeploymentPostprocessing = 0;
		};
/* End PBXFrameworksBuildPhase section */

/* Begin PBXGroup section */
		573D4568210C75887576E3C2 /* Frameworks */ = {
			isa = PBXGroup;
			children = (
				240F481F34E5804A03FE2609 /* Pods_BeamAPI_Tests.framework */,
			);
			name = Frameworks;
			sourceTree = "<group>";
		};
		607FACC71AFB9204008FA782 = {
			isa = PBXGroup;
			children = (
				607FACF51AFB993E008FA782 /* Podspec Metadata */,
				607FACE81AFB9204008FA782 /* Tests */,
				607FACD11AFB9204008FA782 /* Products */,
				AD2F4A6004A174E11B6CF30C /* Pods */,
				573D4568210C75887576E3C2 /* Frameworks */,
			);
			sourceTree = "<group>";
		};
		607FACD11AFB9204008FA782 /* Products */ = {
			isa = PBXGroup;
			children = (
				607FACE51AFB9204008FA782 /* BeamAPI_Tests.xctest */,
			);
			name = Products;
			sourceTree = "<group>";
		};
		607FACE81AFB9204008FA782 /* Tests */ = {
			isa = PBXGroup;
			children = (
				EB4A0EDE1C5D338F0012693F /* Clients */,
				EB4A0ED31C5D1A510012693F /* Routes */,
				607FACE91AFB9204008FA782 /* Supporting Files */,
			);
			path = Tests;
			sourceTree = "<group>";
		};
		607FACE91AFB9204008FA782 /* Supporting Files */ = {
			isa = PBXGroup;
			children = (
				607FACEA1AFB9204008FA782 /* Info.plist */,
			);
			name = "Supporting Files";
			sourceTree = "<group>";
		};
		607FACF51AFB993E008FA782 /* Podspec Metadata */ = {
			isa = PBXGroup;
			children = (
				5110D7E62BB7BCB2D648BB8A /* BeamAPI.podspec */,
				2E7801D99FB8A22697ED20F4 /* README.md */,
				8DF9655806BF1EAA6E237AC7 /* LICENSE */,
			);
			name = "Podspec Metadata";
			sourceTree = "<group>";
		};
		AD2F4A6004A174E11B6CF30C /* Pods */ = {
			isa = PBXGroup;
			children = (
				E85179B6D5D6B487B946E6B4 /* Pods-BeamAPI_Tests.debug.xcconfig */,
				A0C967F7D78FD680D95ABA9C /* Pods-BeamAPI_Tests.release.xcconfig */,
			);
			name = Pods;
			sourceTree = "<group>";
		};
		EB4A0ED31C5D1A510012693F /* Routes */ = {
			isa = PBXGroup;
			children = (
				EB4A0ED41C5D1A5C0012693F /* AchievementsTests.swift */,
				EB4A0ED61C5D1B310012693F /* ChannelsTests.swift */,
				EB4A0ED81C5D1CEE0012693F /* ChatTests.swift */,
				EBF865761D35A725001EE937 /* IngestsTests.swift */,
				EB9890B31C88F9FB0080A4E9 /* InteractiveTests.swift */,
				EB9B4CED1D5A42F700BD817B /* NotificationsTests.swift */,
				EB1207561D381A1C00365126 /* OAuthTests.swift */,
				EBF865781D35A77E001EE937 /* RecordingsTests.swift */,
				EB4A0EDA1C5D239A0012693F /* ShopTests.swift */,
				EB06F6B51D36DA410019024F /* TeamsTests.swift */,
				EB3FD0371D394EC000964ECA /* TypesTests.swift */,
				EB4A0EDC1C5D25B40012693F /* UsersTests.swift */,
			);
			name = Routes;
			sourceTree = "<group>";
		};
		EB4A0EDE1C5D338F0012693F /* Clients */ = {
			isa = PBXGroup;
			children = (
				EB4A0EE11C5D33AB0012693F /* ChatClientTests.swift */,
				EB35BDD91D5B9FC90089A82E /* ConstellationClientTests.swift */,
				EBA92A8A1C8B53B3008F3A7F /* InteractiveClientTests.swift */,
				EBF068771C5D3684007ACCF9 /* SessionTests.swift */,
			);
			name = Clients;
			sourceTree = "<group>";
		};
/* End PBXGroup section */

/* Begin PBXNativeTarget section */
		607FACE41AFB9204008FA782 /* BeamAPI_Tests */ = {
			isa = PBXNativeTarget;
			buildConfigurationList = 607FACF21AFB9204008FA782 /* Build configuration list for PBXNativeTarget "BeamAPI_Tests" */;
			buildPhases = (
				B31C3F6A64FB23FB40E28F14 /* [CP] Check Pods Manifest.lock */,
				607FACE11AFB9204008FA782 /* Sources */,
				607FACE21AFB9204008FA782 /* Frameworks */,
				607FACE31AFB9204008FA782 /* Resources */,
				51F53B2DEAC49B29AA58B5FD /* [CP] Embed Pods Frameworks */,
				B2378A0AE2F6B94C9CA4F84E /* [CP] Copy Pods Resources */,
			);
			buildRules = (
			);
			dependencies = (
			);
			name = BeamAPI_Tests;
			productName = Tests;
			productReference = 607FACE51AFB9204008FA782 /* BeamAPI_Tests.xctest */;
			productType = "com.apple.product-type.bundle.unit-test";
		};
/* End PBXNativeTarget section */

/* Begin PBXProject section */
		607FACC81AFB9204008FA782 /* Project object */ = {
			isa = PBXProject;
			attributes = {
				LastSwiftUpdateCheck = 0720;
				LastUpgradeCheck = 0720;
				ORGANIZATIONNAME = CocoaPods;
				TargetAttributes = {
					607FACE41AFB9204008FA782 = {
						CreatedOnToolsVersion = 6.3.1;
						LastSwiftMigration = 0800;
					};
				};
			};
			buildConfigurationList = 607FACCB1AFB9204008FA782 /* Build configuration list for PBXProject "BeamAPI" */;
			compatibilityVersion = "Xcode 3.2";
			developmentRegion = English;
			hasScannedForEncodings = 0;
			knownRegions = (
				en,
				Base,
			);
			mainGroup = 607FACC71AFB9204008FA782;
			productRefGroup = 607FACD11AFB9204008FA782 /* Products */;
			projectDirPath = "";
			projectRoot = "";
			targets = (
				607FACE41AFB9204008FA782 /* BeamAPI_Tests */,
			);
		};
/* End PBXProject section */

/* Begin PBXResourcesBuildPhase section */
		607FACE31AFB9204008FA782 /* Resources */ = {
			isa = PBXResourcesBuildPhase;
			buildActionMask = 2147483647;
			files = (
			);
			runOnlyForDeploymentPostprocessing = 0;
		};
/* End PBXResourcesBuildPhase section */

/* Begin PBXShellScriptBuildPhase section */
		51F53B2DEAC49B29AA58B5FD /* [CP] Embed Pods Frameworks */ = {
			isa = PBXShellScriptBuildPhase;
			buildActionMask = 2147483647;
			files = (
			);
			inputPaths = (
			);
			name = "[CP] Embed Pods Frameworks";
			outputPaths = (
			);
			runOnlyForDeploymentPostprocessing = 0;
			shellPath = /bin/sh;
			shellScript = "\"${SRCROOT}/Pods/Target Support Files/Pods-BeamAPI_Tests/Pods-BeamAPI_Tests-frameworks.sh\"\n";
			showEnvVarsInLog = 0;
		};
		B2378A0AE2F6B94C9CA4F84E /* [CP] Copy Pods Resources */ = {
			isa = PBXShellScriptBuildPhase;
			buildActionMask = 2147483647;
			files = (
			);
			inputPaths = (
			);
			name = "[CP] Copy Pods Resources";
			outputPaths = (
			);
			runOnlyForDeploymentPostprocessing = 0;
			shellPath = /bin/sh;
			shellScript = "\"${SRCROOT}/Pods/Target Support Files/Pods-BeamAPI_Tests/Pods-BeamAPI_Tests-resources.sh\"\n";
			showEnvVarsInLog = 0;
		};
		B31C3F6A64FB23FB40E28F14 /* [CP] Check Pods Manifest.lock */ = {
			isa = PBXShellScriptBuildPhase;
			buildActionMask = 2147483647;
			files = (
			);
			inputPaths = (
			);
			name = "[CP] Check Pods Manifest.lock";
			outputPaths = (
			);
			runOnlyForDeploymentPostprocessing = 0;
			shellPath = /bin/sh;
			shellScript = "diff \"${PODS_ROOT}/../Podfile.lock\" \"${PODS_ROOT}/Manifest.lock\" > /dev/null\nif [ $? != 0 ] ; then\n    # print error to STDERR\n    echo \"error: The sandbox is not in sync with the Podfile.lock. Run 'pod install' or update your CocoaPods installation.\" >&2\n    exit 1\nfi\n";
			showEnvVarsInLog = 0;
		};
/* End PBXShellScriptBuildPhase section */

/* Begin PBXSourcesBuildPhase section */
		607FACE11AFB9204008FA782 /* Sources */ = {
			isa = PBXSourcesBuildPhase;
			buildActionMask = 2147483647;
			files = (
				EBA92A8B1C8B53B3008F3A7F /* InteractiveClientTests.swift in Sources */,
				EB1207571D381A1C00365126 /* OAuthTests.swift in Sources */,
				EB4A0EE21C5D33AB0012693F /* ChatClientTests.swift in Sources */,
				EB4A0ED71C5D1B310012693F /* ChannelsTests.swift in Sources */,
				EBF865771D35A725001EE937 /* IngestsTests.swift in Sources */,
				EB06F6B61D36DA410019024F /* TeamsTests.swift in Sources */,
				EB9890B41C88F9FB0080A4E9 /* InteractiveTests.swift in Sources */,
				EBF068781C5D3684007ACCF9 /* SessionTests.swift in Sources */,
				EB4A0ED91C5D1CEE0012693F /* ChatTests.swift in Sources */,
				EB3FD0381D394EC000964ECA /* TypesTests.swift in Sources */,
				EB35BDDA1D5B9FC90089A82E /* ConstellationClientTests.swift in Sources */,
				EB4A0EDD1C5D25B40012693F /* UsersTests.swift in Sources */,
				EB9B4CEE1D5A42F700BD817B /* NotificationsTests.swift in Sources */,
				EBF865791D35A77E001EE937 /* RecordingsTests.swift in Sources */,
				EB4A0ED51C5D1A5C0012693F /* AchievementsTests.swift in Sources */,
				EB4A0EDB1C5D239A0012693F /* ShopTests.swift in Sources */,
			);
			runOnlyForDeploymentPostprocessing = 0;
		};
/* End PBXSourcesBuildPhase section */

/* Begin XCBuildConfiguration section */
		607FACED1AFB9204008FA782 /* Debug */ = {
			isa = XCBuildConfiguration;
			buildSettings = {
				ALWAYS_SEARCH_USER_PATHS = NO;
				CLANG_CXX_LANGUAGE_STANDARD = "gnu++0x";
				CLANG_CXX_LIBRARY = "libc++";
				CLANG_ENABLE_MODULES = YES;
				CLANG_ENABLE_OBJC_ARC = YES;
				CLANG_WARN_BOOL_CONVERSION = YES;
				CLANG_WARN_CONSTANT_CONVERSION = YES;
				CLANG_WARN_DIRECT_OBJC_ISA_USAGE = YES_ERROR;
				CLANG_WARN_EMPTY_BODY = YES;
				CLANG_WARN_ENUM_CONVERSION = YES;
				CLANG_WARN_INT_CONVERSION = YES;
				CLANG_WARN_OBJC_ROOT_CLASS = YES_ERROR;
				CLANG_WARN_UNREACHABLE_CODE = YES;
				CLANG_WARN__DUPLICATE_METHOD_MATCH = YES;
				"CODE_SIGN_IDENTITY[sdk=iphoneos*]" = "iPhone Developer";
				COPY_PHASE_STRIP = NO;
				DEBUG_INFORMATION_FORMAT = "dwarf-with-dsym";
				ENABLE_STRICT_OBJC_MSGSEND = YES;
				ENABLE_TESTABILITY = YES;
				GCC_C_LANGUAGE_STANDARD = gnu99;
				GCC_DYNAMIC_NO_PIC = NO;
				GCC_NO_COMMON_BLOCKS = YES;
				GCC_OPTIMIZATION_LEVEL = 0;
				GCC_PREPROCESSOR_DEFINITIONS = (
					"DEBUG=1",
					"$(inherited)",
				);
				GCC_SYMBOLS_PRIVATE_EXTERN = NO;
				GCC_WARN_64_TO_32_BIT_CONVERSION = YES;
				GCC_WARN_ABOUT_RETURN_TYPE = YES_ERROR;
				GCC_WARN_UNDECLARED_SELECTOR = YES;
				GCC_WARN_UNINITIALIZED_AUTOS = YES_AGGRESSIVE;
				GCC_WARN_UNUSED_FUNCTION = YES;
				GCC_WARN_UNUSED_VARIABLE = YES;
				IPHONEOS_DEPLOYMENT_TARGET = 8.3;
				MTL_ENABLE_DEBUG_INFO = YES;
				ONLY_ACTIVE_ARCH = YES;
				SDKROOT = iphoneos;
				SWIFT_OPTIMIZATION_LEVEL = "-Onone";
			};
			name = Debug;
		};
		607FACEE1AFB9204008FA782 /* Release */ = {
			isa = XCBuildConfiguration;
			buildSettings = {
				ALWAYS_SEARCH_USER_PATHS = NO;
				CLANG_CXX_LANGUAGE_STANDARD = "gnu++0x";
				CLANG_CXX_LIBRARY = "libc++";
				CLANG_ENABLE_MODULES = YES;
				CLANG_ENABLE_OBJC_ARC = YES;
				CLANG_WARN_BOOL_CONVERSION = YES;
				CLANG_WARN_CONSTANT_CONVERSION = YES;
				CLANG_WARN_DIRECT_OBJC_ISA_USAGE = YES_ERROR;
				CLANG_WARN_EMPTY_BODY = YES;
				CLANG_WARN_ENUM_CONVERSION = YES;
				CLANG_WARN_INT_CONVERSION = YES;
				CLANG_WARN_OBJC_ROOT_CLASS = YES_ERROR;
				CLANG_WARN_UNREACHABLE_CODE = YES;
				CLANG_WARN__DUPLICATE_METHOD_MATCH = YES;
				"CODE_SIGN_IDENTITY[sdk=iphoneos*]" = "iPhone Developer";
				COPY_PHASE_STRIP = NO;
				DEBUG_INFORMATION_FORMAT = "dwarf-with-dsym";
				ENABLE_NS_ASSERTIONS = NO;
				ENABLE_STRICT_OBJC_MSGSEND = YES;
				GCC_C_LANGUAGE_STANDARD = gnu99;
				GCC_NO_COMMON_BLOCKS = YES;
				GCC_WARN_64_TO_32_BIT_CONVERSION = YES;
				GCC_WARN_ABOUT_RETURN_TYPE = YES_ERROR;
				GCC_WARN_UNDECLARED_SELECTOR = YES;
				GCC_WARN_UNINITIALIZED_AUTOS = YES_AGGRESSIVE;
				GCC_WARN_UNUSED_FUNCTION = YES;
				GCC_WARN_UNUSED_VARIABLE = YES;
				IPHONEOS_DEPLOYMENT_TARGET = 8.3;
				MTL_ENABLE_DEBUG_INFO = NO;
				SDKROOT = iphoneos;
				VALIDATE_PRODUCT = YES;
			};
			name = Release;
		};
		607FACF31AFB9204008FA782 /* Debug */ = {
			isa = XCBuildConfiguration;
			baseConfigurationReference = E85179B6D5D6B487B946E6B4 /* Pods-BeamAPI_Tests.debug.xcconfig */;
			buildSettings = {
				FRAMEWORK_SEARCH_PATHS = "$(inherited)";
				GCC_PREPROCESSOR_DEFINITIONS = (
					"DEBUG=1",
					"$(inherited)",
				);
				INFOPLIST_FILE = Tests/Info.plist;
				LD_RUNPATH_SEARCH_PATHS = "$(inherited)";
				PRODUCT_BUNDLE_IDENTIFIER = "org.cocoapods.$(PRODUCT_NAME:rfc1034identifier)";
				PRODUCT_NAME = "$(TARGET_NAME)";
				SWIFT_VERSION = 3.0;
			};
			name = Debug;
		};
		607FACF41AFB9204008FA782 /* Release */ = {
			isa = XCBuildConfiguration;
			baseConfigurationReference = A0C967F7D78FD680D95ABA9C /* Pods-BeamAPI_Tests.release.xcconfig */;
			buildSettings = {
				FRAMEWORK_SEARCH_PATHS = "$(inherited)";
				INFOPLIST_FILE = Tests/Info.plist;
				LD_RUNPATH_SEARCH_PATHS = "$(inherited)";
				PRODUCT_BUNDLE_IDENTIFIER = "org.cocoapods.$(PRODUCT_NAME:rfc1034identifier)";
				PRODUCT_NAME = "$(TARGET_NAME)";
				SWIFT_VERSION = 3.0;
			};
			name = Release;
		};
/* End XCBuildConfiguration section */

/* Begin XCConfigurationList section */
		607FACCB1AFB9204008FA782 /* Build configuration list for PBXProject "BeamAPI" */ = {
			isa = XCConfigurationList;
			buildConfigurations = (
				607FACED1AFB9204008FA782 /* Debug */,
				607FACEE1AFB9204008FA782 /* Release */,
			);
			defaultConfigurationIsVisible = 0;
			defaultConfigurationName = Release;
		};
		607FACF21AFB9204008FA782 /* Build configuration list for PBXNativeTarget "BeamAPI_Tests" */ = {
			isa = XCConfigurationList;
			buildConfigurations = (
				607FACF31AFB9204008FA782 /* Debug */,
				607FACF41AFB9204008FA782 /* Release */,
			);
			defaultConfigurationIsVisible = 0;
			defaultConfigurationName = Release;
		};
/* End XCConfigurationList section */
	};
	rootObject = 607FACC81AFB9204008FA782 /* Project object */;
}
